
Microsoft Visual Studio Solution File, Format Version 12.00
# Visual Studio Version 17
VisualStudioVersion = 17.8.34525.116
MinimumVisualStudioVersion = 10.0.40219.1
Project("{FAE04EC0-301F-11D3-BF4B-00C04F79EFBC}") = "ImgurApplication", "ImgurApplication\ImgurApplication.csproj", "{1CF9BF4A-852E-40A0-898A-856A4D9550E7}"
EndProject
Global
	GlobalSection(SolutionConfigurationPlatforms) = preSolution
		Debug|Any CPU = Debug|Any CPU
		Release|Any CPU = Release|Any CPU
	EndGlobalSection
	GlobalSection(ProjectConfigurationPlatforms) = postSolution
		{1CF9BF4A-852E-40A0-898A-856A4D9550E7}.Debug|Any CPU.ActiveCfg = Debug|Any CPU
		{1CF9BF4A-852E-40A0-898A-856A4D9550E7}.Debug|Any CPU.Build.0 = Debug|Any CPU
		{1CF9BF4A-852E-40A0-898A-856A4D9550E7}.Release|Any CPU.ActiveCfg = Release|Any CPU
		{1CF9BF4A-852E-40A0-898A-856A4D9550E7}.Release|Any CPU.Build.0 = Release|Any CPU
	EndGlobalSection
	GlobalSection(SolutionProperties) = preSolution
		HideSolutionNode = FALSE
	EndGlobalSection
	GlobalSection(ExtensibilityGlobals) = postSolution
		SolutionGuid = {DF66821B-71F3-4E82-89FF-E275056D8440}
	EndGlobalSection
EndGlobal
